
Microsoft Visual Studio Solution File, Format Version 12.00
# Visual Studio Version 17
VisualStudioVersion = 17.12.35707.178
MinimumVisualStudioVersion = 10.0.40219.1
Project("{FAE04EC0-301F-11D3-BF4B-00C04F79EFBC}") = "ConsoleRasterizer", "ConsoleRasterizer\ConsoleRasterizer.csproj", "{D9BC62F3-3452-4F3A-9B44-406F95B4AABA}"
EndProject
Global
	GlobalSection(SolutionConfigurationPlatforms) = preSolution
		Debug|Any CPU = Debug|Any CPU
		Release|Any CPU = Release|Any CPU
	EndGlobalSection
	GlobalSection(ProjectConfigurationPlatforms) = postSolution
		{D9BC62F3-3452-4F3A-9B44-406F95B4AABA}.Debug|Any CPU.ActiveCfg = Debug|Any CPU
		{D9BC62F3-3452-4F3A-9B44-406F95B4AABA}.Debug|Any CPU.Build.0 = Debug|Any CPU
		{D9BC62F3-3452-4F3A-9B44-406F95B4AABA}.Release|Any CPU.ActiveCfg = Debug|Any CPU
		{D9BC62F3-3452-4F3A-9B44-406F95B4AABA}.Release|Any CPU.Build.0 = Debug|Any CPU
	EndGlobalSection
	GlobalSection(SolutionProperties) = preSolution
		HideSolutionNode = FALSE
	EndGlobalSection
EndGlobal
